
Microsoft Visual Studio Solution File, Format Version 12.00
# Visual Studio Version 17
VisualStudioVersion = 17.4.33213.308
MinimumVisualStudioVersion = 10.0.40219.1
Project("{FAE04EC0-301F-11D3-BF4B-00C04F79EFBC}") = "DATN.WebAPI.QuanLyNhaHangKhachSan", "DATN.WebAPI.QuanLyNhaHangKhachSan\DATN.WebAPI.QuanLyNhaHangKhachSan.csproj", "{0E8D8F20-1241-49D8-9BC6-CD99179E5337}"
EndProject
Project("{FAE04EC0-301F-11D3-BF4B-00C04F79EFBC}") = "DAO", "DAO\DAO.csproj", "{6E0DB587-CC55-4CA2-BF88-0119DD3B4EF7}"
EndProject
Project("{FAE04EC0-301F-11D3-BF4B-00C04F79EFBC}") = "DTO", "DTO\DTO.csproj", "{B664A145-58EC-4B67-B858-EDD235C6B93B}"
EndProject
Global
	GlobalSection(SolutionConfigurationPlatforms) = preSolution
		Debug|Any CPU = Debug|Any CPU
		Release|Any CPU = Release|Any CPU
	EndGlobalSection
	GlobalSection(ProjectConfigurationPlatforms) = postSolution
		{0E8D8F20-1241-49D8-9BC6-CD99179E5337}.Debug|Any CPU.ActiveCfg = Debug|Any CPU
		{0E8D8F20-1241-49D8-9BC6-CD99179E5337}.Debug|Any CPU.Build.0 = Debug|Any CPU
		{0E8D8F20-1241-49D8-9BC6-CD99179E5337}.Release|Any CPU.ActiveCfg = Release|Any CPU
		{0E8D8F20-1241-49D8-9BC6-CD99179E5337}.Release|Any CPU.Build.0 = Release|Any CPU
		{6E0DB587-CC55-4CA2-BF88-0119DD3B4EF7}.Debug|Any CPU.ActiveCfg = Debug|Any CPU
		{6E0DB587-CC55-4CA2-BF88-0119DD3B4EF7}.Debug|Any CPU.Build.0 = Debug|Any CPU
		{6E0DB587-CC55-4CA2-BF88-0119DD3B4EF7}.Release|Any CPU.ActiveCfg = Release|Any CPU
		{6E0DB587-CC55-4CA2-BF88-0119DD3B4EF7}.Release|Any CPU.Build.0 = Release|Any CPU
		{B664A145-58EC-4B67-B858-EDD235C6B93B}.Debug|Any CPU.ActiveCfg = Debug|Any CPU
		{B664A145-58EC-4B67-B858-EDD235C6B93B}.Debug|Any CPU.Build.0 = Debug|Any CPU
		{B664A145-58EC-4B67-B858-EDD235C6B93B}.Release|Any CPU.ActiveCfg = Release|Any CPU
		{B664A145-58EC-4B67-B858-EDD235C6B93B}.Release|Any CPU.Build.0 = Release|Any CPU
	EndGlobalSection
	GlobalSection(SolutionProperties) = preSolution
		HideSolutionNode = FALSE
	EndGlobalSection
	GlobalSection(ExtensibilityGlobals) = postSolution
		SolutionGuid = {5D34FE86-CDD8-419A-9DCF-5E39673821D2}
	EndGlobalSection
EndGlobal
